
Microsoft Visual Studio Solution File, Format Version 12.00
# Visual Studio Version 16
VisualStudioVersion = 16.0.31019.35
MinimumVisualStudioVersion = 10.0.40219.1
Project("{9A19103F-16F7-4668-BE54-9A1E7A4F7556}") = "covid.Api", "Src\covid.Api\covid.Api.csproj", "{AB5FFB55-D5EA-4334-AD61-E9BBDA0540A0}"
EndProject
Project("{9A19103F-16F7-4668-BE54-9A1E7A4F7556}") = "covid.Core", "Src\covid.Core\covid.Core.csproj", "{A268119B-1BEB-4739-9330-1A719A3A320A}"
EndProject
Global
	GlobalSection(SolutionConfigurationPlatforms) = preSolution
		Debug|Any CPU = Debug|Any CPU
		Release|Any CPU = Release|Any CPU
	EndGlobalSection
	GlobalSection(ProjectConfigurationPlatforms) = postSolution
		{AB5FFB55-D5EA-4334-AD61-E9BBDA0540A0}.Debug|Any CPU.ActiveCfg = Debug|Any CPU
		{AB5FFB55-D5EA-4334-AD61-E9BBDA0540A0}.Debug|Any CPU.Build.0 = Debug|Any CPU
		{AB5FFB55-D5EA-4334-AD61-E9BBDA0540A0}.Release|Any CPU.ActiveCfg = Release|Any CPU
		{AB5FFB55-D5EA-4334-AD61-E9BBDA0540A0}.Release|Any CPU.Build.0 = Release|Any CPU
		{A268119B-1BEB-4739-9330-1A719A3A320A}.Debug|Any CPU.ActiveCfg = Debug|Any CPU
		{A268119B-1BEB-4739-9330-1A719A3A320A}.Debug|Any CPU.Build.0 = Debug|Any CPU
		{A268119B-1BEB-4739-9330-1A719A3A320A}.Release|Any CPU.ActiveCfg = Release|Any CPU
		{A268119B-1BEB-4739-9330-1A719A3A320A}.Release|Any CPU.Build.0 = Release|Any CPU
	EndGlobalSection
	GlobalSection(SolutionProperties) = preSolution
		HideSolutionNode = FALSE
	EndGlobalSection
	GlobalSection(ExtensibilityGlobals) = postSolution
		SolutionGuid = {B2C3AD3A-C156-4633-B3F1-7B5ECF3E0BDD}
	EndGlobalSection
EndGlobal
